
Microsoft Visual Studio Solution File, Format Version 12.00
# Visual Studio Version 18
VisualStudioVersion = 18.0.11123.170
MinimumVisualStudioVersion = 10.0.40219.1
Project("{8BC9CEB8-8B4A-11D0-8D11-00A0C91BC942}") = "WheelDL.Lib", "WheelDL.Lib\WheelDL.Lib.vcxproj", "{589355E0-D39B-4E7A-8C77-A8237D983652}"
EndProject
Project("{8BC9CEB8-8B4A-11D0-8D11-00A0C91BC942}") = "WheelDL.Lib.Tests", "WheelDL.Lib.Tests\WheelDL.Lib.Tests.vcxproj", "{A1A51131-34D4-442F-B589-EAAE34190B64}"
EndProject
Project("{8BC9CEB8-8B4A-11D0-8D11-00A0C91BC942}") = "LibTorch_apitest", "LibTorch_apitest\LibTorch_apitest.vcxproj", "{16F91A97-F42F-44F4-8285-34A51FCD90A9}"
EndProject
Project("{FAE04EC0-301F-11D3-BF4B-00C04F79EFBC}") = "WheelDL.Interop", "WheelDL.Interop\WheelDL.Interop.csproj", "{ABA839D8-F6B7-435F-834C-0A2DEB18C923}"
EndProject
Project("{FAE04EC0-301F-11D3-BF4B-00C04F79EFBC}") = "WheelDL.Interop.Tests", "WheelDL.Interop.Tests\WheelDL.Interop.Tests.csproj", "{1968D31A-3384-4C3E-B336-97390047DD99}"
EndProject
Project("{FAE04EC0-301F-11D3-BF4B-00C04F79EFBC}") = "WheelDL.ApiTest", "WheelDL.ApiTest\WheelDL.ApiTest.csproj", "{E7A9809C-4980-F337-E22E-7A4592F0B21D}"
EndProject
Global
	GlobalSection(SolutionConfigurationPlatforms) = preSolution
		Debug|Any CPU = Debug|Any CPU
		Debug|x64 = Debug|x64
		Debug|x86 = Debug|x86
		Release|Any CPU = Release|Any CPU
		Release|x64 = Release|x64
		Release|x86 = Release|x86
		ReleaseLib|Any CPU = ReleaseLib|Any CPU
		ReleaseLib|x64 = ReleaseLib|x64
		ReleaseLib|x86 = ReleaseLib|x86
	EndGlobalSection
	GlobalSection(ProjectConfigurationPlatforms) = postSolution
		{589355E0-D39B-4E7A-8C77-A8237D983652}.Debug|Any CPU.ActiveCfg = Debug|x64
		{589355E0-D39B-4E7A-8C77-A8237D983652}.Debug|Any CPU.Build.0 = Debug|x64
		{589355E0-D39B-4E7A-8C77-A8237D983652}.Debug|x64.ActiveCfg = Debug|x64
		{589355E0-D39B-4E7A-8C77-A8237D983652}.Debug|x64.Build.0 = Debug|x64
		{589355E0-D39B-4E7A-8C77-A8237D983652}.Debug|x86.ActiveCfg = Debug|Win32
		{589355E0-D39B-4E7A-8C77-A8237D983652}.Debug|x86.Build.0 = Debug|Win32
		{589355E0-D39B-4E7A-8C77-A8237D983652}.Release|Any CPU.ActiveCfg = Release|x64
		{589355E0-D39B-4E7A-8C77-A8237D983652}.Release|Any CPU.Build.0 = Release|x64
		{589355E0-D39B-4E7A-8C77-A8237D983652}.Release|x64.ActiveCfg = Release|x64
		{589355E0-D39B-4E7A-8C77-A8237D983652}.Release|x64.Build.0 = Release|x64
		{589355E0-D39B-4E7A-8C77-A8237D983652}.Release|x86.ActiveCfg = Release|Win32
		{589355E0-D39B-4E7A-8C77-A8237D983652}.Release|x86.Build.0 = Release|Win32
		{589355E0-D39B-4E7A-8C77-A8237D983652}.ReleaseLib|Any CPU.ActiveCfg = ReleaseLib|x64
		{589355E0-D39B-4E7A-8C77-A8237D983652}.ReleaseLib|Any CPU.Build.0 = ReleaseLib|x64
		{589355E0-D39B-4E7A-8C77-A8237D983652}.ReleaseLib|x64.ActiveCfg = ReleaseLib|x64
		{589355E0-D39B-4E7A-8C77-A8237D983652}.ReleaseLib|x64.Build.0 = ReleaseLib|x64
		{589355E0-D39B-4E7A-8C77-A8237D983652}.ReleaseLib|x86.ActiveCfg = ReleaseLib|x64
		{589355E0-D39B-4E7A-8C77-A8237D983652}.ReleaseLib|x86.Build.0 = ReleaseLib|x64
		{A1A51131-34D4-442F-B589-EAAE34190B64}.Debug|Any CPU.ActiveCfg = Debug|x64
		{A1A51131-34D4-442F-B589-EAAE34190B64}.Debug|Any CPU.Build.0 = Debug|x64
		{A1A51131-34D4-442F-B589-EAAE34190B64}.Debug|x64.ActiveCfg = Debug|x64
		{A1A51131-34D4-442F-B589-EAAE34190B64}.Debug|x64.Build.0 = Debug|x64
		{A1A51131-34D4-442F-B589-EAAE34190B64}.Debug|x86.ActiveCfg = Debug|Win32
		{A1A51131-34D4-442F-B589-EAAE34190B64}.Debug|x86.Build.0 = Debug|Win32
		{A1A51131-34D4-442F-B589-EAAE34190B64}.Release|Any CPU.ActiveCfg = Release|x64
		{A1A51131-34D4-442F-B589-EAAE34190B64}.Release|Any CPU.Build.0 = Release|x64
		{A1A51131-34D4-442F-B589-EAAE34190B64}.Release|x64.ActiveCfg = Release|x64
		{A1A51131-34D4-442F-B589-EAAE34190B64}.Release|x64.Build.0 = Release|x64
		{A1A51131-34D4-442F-B589-EAAE34190B64}.Release|x86.ActiveCfg = Release|Win32
		{A1A51131-34D4-442F-B589-EAAE34190B64}.Release|x86.Build.0 = Release|Win32
		{A1A51131-34D4-442F-B589-EAAE34190B64}.ReleaseLib|Any CPU.ActiveCfg = Release|x64
		{A1A51131-34D4-442F-B589-EAAE34190B64}.ReleaseLib|Any CPU.Build.0 = Release|x64
		{A1A51131-34D4-442F-B589-EAAE34190B64}.ReleaseLib|x64.ActiveCfg = Release|x64
		{A1A51131-34D4-442F-B589-EAAE34190B64}.ReleaseLib|x64.Build.0 = Release|x64
		{A1A51131-34D4-442F-B589-EAAE34190B64}.ReleaseLib|x86.ActiveCfg = Release|Win32
		{A1A51131-34D4-442F-B589-EAAE34190B64}.ReleaseLib|x86.Build.0 = Release|Win32
		{16F91A97-F42F-44F4-8285-34A51FCD90A9}.Debug|Any CPU.ActiveCfg = Debug|x64
		{16F91A97-F42F-44F4-8285-34A51FCD90A9}.Debug|Any CPU.Build.0 = Debug|x64
		{16F91A97-F42F-44F4-8285-34A51FCD90A9}.Debug|x64.ActiveCfg = Debug|x64
		{16F91A97-F42F-44F4-8285-34A51FCD90A9}.Debug|x64.Build.0 = Debug|x64
		{16F91A97-F42F-44F4-8285-34A51FCD90A9}.Debug|x86.ActiveCfg = Debug|Win32
		{16F91A97-F42F-44F4-8285-34A51FCD90A9}.Debug|x86.Build.0 = Debug|Win32
		{16F91A97-F42F-44F4-8285-34A51FCD90A9}.Release|Any CPU.ActiveCfg = Release|x64
		{16F91A97-F42F-44F4-8285-34A51FCD90A9}.Release|Any CPU.Build.0 = Release|x64
		{16F91A97-F42F-44F4-8285-34A51FCD90A9}.Release|x64.ActiveCfg = Release|x64
		{16F91A97-F42F-44F4-8285-34A51FCD90A9}.Release|x64.Build.0 = Release|x64
		{16F91A97-F42F-44F4-8285-34A51FCD90A9}.Release|x86.ActiveCfg = Release|Win32
		{16F91A97-F42F-44F4-8285-34A51FCD90A9}.Release|x86.Build.0 = Release|Win32
		{16F91A97-F42F-44F4-8285-34A51FCD90A9}.ReleaseLib|Any CPU.ActiveCfg = ReleaseLib|x64
		{16F91A97-F42F-44F4-8285-34A51FCD90A9}.ReleaseLib|Any CPU.Build.0 = ReleaseLib|x64
		{16F91A97-F42F-44F4-8285-34A51FCD90A9}.ReleaseLib|x64.ActiveCfg = ReleaseLib|x64
		{16F91A97-F42F-44F4-8285-34A51FCD90A9}.ReleaseLib|x64.Build.0 = ReleaseLib|x64
		{16F91A97-F42F-44F4-8285-34A51FCD90A9}.ReleaseLib|x86.ActiveCfg = ReleaseLib|x64
		{16F91A97-F42F-44F4-8285-34A51FCD90A9}.ReleaseLib|x86.Build.0 = ReleaseLib|x64
		{ABA839D8-F6B7-435F-834C-0A2DEB18C923}.Debug|Any CPU.ActiveCfg = Debug|Any CPU
		{ABA839D8-F6B7-435F-834C-0A2DEB18C923}.Debug|Any CPU.Build.0 = Debug|Any CPU
		{ABA839D8-F6B7-435F-834C-0A2DEB18C923}.Debug|x64.ActiveCfg = Debug|Any CPU
		{ABA839D8-F6B7-435F-834C-0A2DEB18C923}.Debug|x64.Build.0 = Debug|Any CPU
		{ABA839D8-F6B7-435F-834C-0A2DEB18C923}.Debug|x86.ActiveCfg = Debug|Any CPU
		{ABA839D8-F6B7-435F-834C-0A2DEB18C923}.Debug|x86.Build.0 = Debug|Any CPU
		{ABA839D8-F6B7-435F-834C-0A2DEB18C923}.Release|Any CPU.ActiveCfg = Release|Any CPU
		{ABA839D8-F6B7-435F-834C-0A2DEB18C923}.Release|Any CPU.Build.0 = Release|Any CPU
		{ABA839D8-F6B7-435F-834C-0A2DEB18C923}.Release|x64.ActiveCfg = Release|Any CPU
		{ABA839D8-F6B7-435F-834C-0A2DEB18C923}.Release|x64.Build.0 = Release|Any CPU
		{ABA839D8-F6B7-435F-834C-0A2DEB18C923}.Release|x86.ActiveCfg = Release|Any CPU
		{ABA839D8-F6B7-435F-834C-0A2DEB18C923}.Release|x86.Build.0 = Release|Any CPU
		{ABA839D8-F6B7-435F-834C-0A2DEB18C923}.ReleaseLib|Any CPU.ActiveCfg = Release|Any CPU
		{ABA839D8-F6B7-435F-834C-0A2DEB18C923}.ReleaseLib|Any CPU.Build.0 = Release|Any CPU
		{ABA839D8-F6B7-435F-834C-0A2DEB18C923}.ReleaseLib|x64.ActiveCfg = Release|Any CPU
		{ABA839D8-F6B7-435F-834C-0A2DEB18C923}.ReleaseLib|x64.Build.0 = Release|Any CPU
		{ABA839D8-F6B7-435F-834C-0A2DEB18C923}.ReleaseLib|x86.ActiveCfg = Release|Any CPU
		{ABA839D8-F6B7-435F-834C-0A2DEB18C923}.ReleaseLib|x86.Build.0 = Release|Any CPU
		{1968D31A-3384-4C3E-B336-97390047DD99}.Debug|Any CPU.ActiveCfg = Debug|Any CPU
		{1968D31A-3384-4C3E-B336-97390047DD99}.Debug|Any CPU.Build.0 = Debug|Any CPU
		{1968D31A-3384-4C3E-B336-97390047DD99}.Debug|x64.ActiveCfg = Debug|Any CPU
		{1968D31A-3384-4C3E-B336-97390047DD99}.Debug|x64.Build.0 = Debug|Any CPU
		{1968D31A-3384-4C3E-B336-97390047DD99}.Debug|x86.ActiveCfg = Debug|Any CPU
		{1968D31A-3384-4C3E-B336-97390047DD99}.Debug|x86.Build.0 = Debug|Any CPU
		{1968D31A-3384-4C3E-B336-97390047DD99}.Release|Any CPU.ActiveCfg = Release|Any CPU
		{1968D31A-3384-4C3E-B336-97390047DD99}.Release|Any CPU.Build.0 = Release|Any CPU
		{1968D31A-3384-4C3E-B336-97390047DD99}.Release|x64.ActiveCfg = Release|Any CPU
		{1968D31A-3384-4C3E-B336-97390047DD99}.Release|x64.Build.0 = Release|Any CPU
		{1968D31A-3384-4C3E-B336-97390047DD99}.Release|x86.ActiveCfg = Release|Any CPU
		{1968D31A-3384-4C3E-B336-97390047DD99}.Release|x86.Build.0 = Release|Any CPU
		{1968D31A-3384-4C3E-B336-97390047DD99}.ReleaseLib|Any CPU.ActiveCfg = Debug|Any CPU
		{1968D31A-3384-4C3E-B336-97390047DD99}.ReleaseLib|Any CPU.Build.0 = Debug|Any CPU
		{1968D31A-3384-4C3E-B336-97390047DD99}.ReleaseLib|x64.ActiveCfg = Debug|Any CPU
		{1968D31A-3384-4C3E-B336-97390047DD99}.ReleaseLib|x64.Build.0 = Debug|Any CPU
		{1968D31A-3384-4C3E-B336-97390047DD99}.ReleaseLib|x86.ActiveCfg = Debug|Any CPU
		{1968D31A-3384-4C3E-B336-97390047DD99}.ReleaseLib|x86.Build.0 = Debug|Any CPU
		{E7A9809C-4980-F337-E22E-7A4592F0B21D}.Debug|Any CPU.ActiveCfg = Debug|Any CPU
		{E7A9809C-4980-F337-E22E-7A4592F0B21D}.Debug|Any CPU.Build.0 = Debug|Any CPU
		{E7A9809C-4980-F337-E22E-7A4592F0B21D}.Debug|x64.ActiveCfg = Debug|Any CPU
		{E7A9809C-4980-F337-E22E-7A4592F0B21D}.Debug|x64.Build.0 = Debug|Any CPU
		{E7A9809C-4980-F337-E22E-7A4592F0B21D}.Debug|x86.ActiveCfg = Debug|Any CPU
		{E7A9809C-4980-F337-E22E-7A4592F0B21D}.Debug|x86.Build.0 = Debug|Any CPU
		{E7A9809C-4980-F337-E22E-7A4592F0B21D}.Release|Any CPU.ActiveCfg = Release|Any CPU
		{E7A9809C-4980-F337-E22E-7A4592F0B21D}.Release|Any CPU.Build.0 = Release|Any CPU
		{E7A9809C-4980-F337-E22E-7A4592F0B21D}.Release|x64.ActiveCfg = Release|Any CPU
		{E7A9809C-4980-F337-E22E-7A4592F0B21D}.Release|x64.Build.0 = Release|Any CPU
		{E7A9809C-4980-F337-E22E-7A4592F0B21D}.Release|x86.ActiveCfg = Release|Any CPU
		{E7A9809C-4980-F337-E22E-7A4592F0B21D}.Release|x86.Build.0 = Release|Any CPU
		{E7A9809C-4980-F337-E22E-7A4592F0B21D}.ReleaseLib|Any CPU.ActiveCfg = Release|Any CPU
		{E7A9809C-4980-F337-E22E-7A4592F0B21D}.ReleaseLib|Any CPU.Build.0 = Release|Any CPU
		{E7A9809C-4980-F337-E22E-7A4592F0B21D}.ReleaseLib|x64.ActiveCfg = Release|Any CPU
		{E7A9809C-4980-F337-E22E-7A4592F0B21D}.ReleaseLib|x64.Build.0 = Release|Any CPU
		{E7A9809C-4980-F337-E22E-7A4592F0B21D}.ReleaseLib|x86.ActiveCfg = Release|Any CPU
		{E7A9809C-4980-F337-E22E-7A4592F0B21D}.ReleaseLib|x86.Build.0 = Release|Any CPU
	EndGlobalSection
	GlobalSection(SolutionProperties) = preSolution
		HideSolutionNode = FALSE
	EndGlobalSection
	GlobalSection(ExtensibilityGlobals) = postSolution
		SolutionGuid = {79C8D07C-5E83-4CE5-996F-1B7A580DE2F9}
	EndGlobalSection
EndGlobal
