<?xml version="1.0" encoding="utf-8"?>
<Project ToolsVersion="4.0" xmlns="http://schemas.microsoft.com/developer/msbuild/2003">
  <!-- Filter Definitions -->
  <ItemGroup>
    <!-- Header Files -->
    <Filter Include="Header Files">
      <UniqueIdentifier>{93995380-89BD-4b04-88EB-625FBE52EBFB}</UniqueIdentifier>
      <Extensions>h;hh;hpp;hxx;h++;hm;inl;inc;ipp;xsd</Extensions>
    </Filter>
    <!-- Source Files -->
    <Filter Include="Source Files">
      <UniqueIdentifier>{4FC737F1-C7A5-4376-A066-2A32D752A2FF}</UniqueIdentifier>
      <Extensions>cpp;c;cc;cxx;c++;cppm;ixx;def;odl;idl;hpj;bat;asm;asmx</Extensions>
    </Filter>
    <!-- Unit Tests -->
    <Filter Include="Source Files\Unit">
      <UniqueIdentifier>{11111111-0000-0000-0000-000000000001}</UniqueIdentifier>
    </Filter>
    <Filter Include="Source Files\Unit\Utils">
      <UniqueIdentifier>{11111111-0000-0000-0000-000000000002}</UniqueIdentifier>
    </Filter>
    <Filter Include="Source Files\Unit\Utils\Common">
      <UniqueIdentifier>{11111111-0000-0000-0000-000000000003}</UniqueIdentifier>
    </Filter>
    <Filter Include="Source Files\Unit\Utils\Error">
      <UniqueIdentifier>{11111111-0000-0000-0000-000000000004}</UniqueIdentifier>
    </Filter>
    <Filter Include="Source Files\Unit\Utils\Path">
      <UniqueIdentifier>{11111111-0000-0000-0000-000000000005}</UniqueIdentifier>
    </Filter>
    <Filter Include="Source Files\Unit\Utils\ThreadPool">
      <UniqueIdentifier>{11111111-0000-0000-0000-000000000006}</UniqueIdentifier>
    </Filter>
    <Filter Include="Source Files\Unit\Utils\Logger">
      <UniqueIdentifier>{11111111-0000-0000-0000-000000000007}</UniqueIdentifier>
    </Filter>
    <Filter Include="Source Files\Unit\Utils\Profiler">
      <UniqueIdentifier>{11111111-0000-0000-0000-000000000008}</UniqueIdentifier>
    </Filter>
    <Filter Include="Source Files\Unit\Utils\Workspace">
      <UniqueIdentifier>{11111111-0000-0000-0000-000000000009}</UniqueIdentifier>
    </Filter>
    <Filter Include="Source Files\Unit\Utils\Memory">
      <UniqueIdentifier>{11111111-0000-0000-0000-000000000010}</UniqueIdentifier>
    </Filter>
    <Filter Include="Source Files\Unit\Utils\Export">
      <UniqueIdentifier>{11111111-0000-0000-0000-000000000011}</UniqueIdentifier>
    </Filter>
    <Filter Include="Source Files\Unit\Config">
      <UniqueIdentifier>{11111111-0000-0000-0000-000000000012}</UniqueIdentifier>
    </Filter>
    <Filter Include="Source Files\Unit\Optimizer">
      <UniqueIdentifier>{11111111-0000-0000-0000-000000000013}</UniqueIdentifier>
    </Filter>
    <Filter Include="Source Files\Unit\Data">
      <UniqueIdentifier>{11111111-0000-0000-0000-000000000014}</UniqueIdentifier>
    </Filter>
    <Filter Include="Source Files\Unit\Data\Common">
      <UniqueIdentifier>{11111111-0000-0000-0000-000000000015}</UniqueIdentifier>
    </Filter>
    <Filter Include="Source Files\Unit\Data\Utils">
      <UniqueIdentifier>{11111111-0000-0000-0000-000000000016}</UniqueIdentifier>
    </Filter>
    <Filter Include="Source Files\Unit\Data\Cache">
      <UniqueIdentifier>{11111111-0000-0000-0000-000000000017}</UniqueIdentifier>
    </Filter>
    <Filter Include="Source Files\Unit\Data\Transforms">
      <UniqueIdentifier>{11111111-0000-0000-0000-000000000018}</UniqueIdentifier>
    </Filter>
    <Filter Include="Source Files\Unit\Data\Augmentation">
      <UniqueIdentifier>{11111111-0000-0000-0000-000000000019}</UniqueIdentifier>
    </Filter>
    <Filter Include="Source Files\Unit\Data\Collation">
      <UniqueIdentifier>{11111111-0000-0000-0000-000000000020}</UniqueIdentifier>
    </Filter>
    <Filter Include="Source Files\Unit\Data\Dataset">
      <UniqueIdentifier>{11111111-0000-0000-0000-000000000021}</UniqueIdentifier>
    </Filter>
    <Filter Include="Source Files\Unit\Model">
      <UniqueIdentifier>{11111111-0000-0000-0000-000000000022}</UniqueIdentifier>
    </Filter>
    <Filter Include="Source Files\Unit\Model\Loss">
      <UniqueIdentifier>{11111111-0000-0000-0000-000000000023}</UniqueIdentifier>
    </Filter>
    <Filter Include="Source Files\Unit\Model\Utils">
      <UniqueIdentifier>{11111111-0000-0000-0000-000000000024}</UniqueIdentifier>
    </Filter>
    <Filter Include="Source Files\Unit\Model\Builder">
      <UniqueIdentifier>{11111111-0000-0000-0000-000000000025}</UniqueIdentifier>
    </Filter>
    <Filter Include="Source Files\Unit\Model\Modules">
      <UniqueIdentifier>{11111111-0000-0000-0000-000000000026}</UniqueIdentifier>
    </Filter>
    <Filter Include="Source Files\Unit\Model\Task">
      <UniqueIdentifier>{11111111-0000-0000-0000-000000000027}</UniqueIdentifier>
    </Filter>
    <Filter Include="Header Files\Unit">
      <UniqueIdentifier>{11111111-0000-0000-0000-000000000100}</UniqueIdentifier>
    </Filter>
    <Filter Include="Header Files\Unit\Model">
      <UniqueIdentifier>{11111111-0000-0000-0000-000000000101}</UniqueIdentifier>
    </Filter>
    <Filter Include="Header Files\Unit\Model\Task">
      <UniqueIdentifier>{11111111-0000-0000-0000-000000000102}</UniqueIdentifier>
    </Filter>
    <!-- Resource Files -->
    <Filter Include="Resource Files">
      <UniqueIdentifier>{67DA6AB6-F800-4c08-8B7A-83BB121AAD01}</UniqueIdentifier>
      <Extensions>rc;ico;cur;bmp;dlg;rc2;rct;bin;rgs;gif;jpg;jpeg;jpe;resx;tiff;tif;png;wav;mfcribbon-ms</Extensions>
    </Filter>
  </ItemGroup>
  <!-- Header Files -->
  <ItemGroup>
    <ClInclude Include="pch.h">
      <Filter>Header Files</Filter>
    </ClInclude>
    <!-- Model/Task Test Infrastructure Headers -->
    <ClInclude Include="Unit\Model\Task\TestFixtures.h">
      <Filter>Header Files\Unit\Model\Task</Filter>
    </ClInclude>
    <ClInclude Include="Unit\Model\Task\MockConfiguration.h">
      <Filter>Header Files\Unit\Model\Task</Filter>
    </ClInclude>
    <ClInclude Include="Unit\Model\Task\MockDataExample.h">
      <Filter>Header Files\Unit\Model\Task</Filter>
    </ClInclude>
  </ItemGroup>
  <!-- Source Files -->
  <ItemGroup>
    <ClCompile Include="pch.cpp">
      <Filter>Source Files</Filter>
    </ClCompile>
    <!-- Phase 1: Level 0 - Pure Utilities -->
    <!-- Phase 2: Level 1 - Error Handling & Threading -->
    <!-- Phase 3: Level 2 - Factory Pattern & RAII -->
    <!-- Phase 4: Level 3 - GPU/Memory Components -->
    <!-- Phase 5: Level 4 - Export Components -->
    <!-- Config Tests - Phase 1: Parser Tests -->
    <!-- Config Tests - Phase 2: Configuration Tests -->
    <!-- Optimizer Tests - Phase 1: EarlyStopping -->
    <!-- Optimizer Tests - Phase 2: OptimizerFactory -->
    <!-- Optimizer Tests - Phase 3: LRScheduler -->
    <!-- Optimizer Tests - Phase 4: ModelEMA -->
    <!-- Data Tests - Phase 1: Annotation -->
    <!-- Data Tests - Phase 2: ImageIO -->
    <!-- Data Tests - Phase 3: RAMCache -->
    <!-- Data Tests - Phase 4: CacheManager -->
    <!-- Data Tests - Phase 5: Transform/Compose -->
    <!-- Data Tests - Phase 6: GeometricTransforms -->
    <!-- Data Tests - Phase 7: ColorTransforms -->
    <!-- Data Tests - Phase 8: Mosaic -->
    <!-- Data Tests - Phase 9: Collation -->
    <!-- Dataset Tests - Phase 1: DataExample & CacheType -->
    <!-- Dataset Tests - Phase 2: BaseDataset -->
    <!-- Dataset Tests - Phase 3: ClassificationDataset -->
    <!-- Dataset Tests - Phase 4: DetectionDataset -->
    <!-- Dataset Tests - Phase 5: OBBDataset -->
    <!-- Dataset Tests - Phase 6: SegmentationDataset -->
    <!-- Dataset Tests - Phase 7: AnomalyDataset -->
    <!-- Dataset Tests - Phase 8: PredDataset -->
    <!-- Dataset Tests - Phase 9: Edge Cases -->
    <!-- Dataset Tests - Phase 10: Performance & Stress -->
    <!-- Model Tests - Phase 1: BaseLoss -->
    <!-- Model Tests - Phase 2: ClassificationLoss -->
    <!-- Model Tests - Phase 3: DetectionLoss -->
    <!-- Model Tests - Phase 4: OBBLoss -->
    <!-- Model Tests - Phase 5: SegmentationLoss -->
    <!-- Model Tests - Phase 6: AnomalyLoss -->
    <!-- Model/Utils Tests - Phase 7: IoU Functions -->
    <!-- Model/Utils Tests - Phase 8: Coordinate Conversion -->
    <!-- Model/Utils Tests - Phase 9: makeAnchors -->
    <!-- Model/Utils Tests - Phase 10: NMS -->
    <!-- Model/Utils Tests - Phase 11: TaskAlignedAssigner -->
    <!-- Model/Utils Tests - Phase 12: Exception Handling -->
    <!-- Model Tests - Phase 13: Integration Tests -->
    <!-- Model/Builder Tests - Phase 1: YamlArgsParser -->
    <!-- Model/Builder Tests - Phase 2: ModuleFactoryRegistry -->
    <!-- Model/Builder Tests - Phase 3: ConvolutionFactory -->
    <!-- Model/Builder Tests - Phase 4: BlockFactory -->
    <!-- Model/Builder Tests - Phase 5: AttentionFactory -->
    <!-- Model/Builder Tests - Phase 6: HeadFactory -->
    <!-- Model/Builder Tests - Phase 7: TransformerFactory -->
    <!-- Model/Builder Tests - Phase 8: UtilityFactory -->
    <!-- Model/Builder Tests - Phase 9: ModelBuilder -->
    <!-- Model/Modules Tests - Phase 10: Activation -->
    <!-- Model/Modules Tests - Phase 11: Conv -->
    <!-- Model/Modules Tests - Phase 12: Block -->
    <!-- Model/Modules Tests - Phase 13: Attention -->
    <!-- Model/Modules Tests - Phase 14: Transformer -->
    <!-- Model/Modules Tests - Phase 15: Head -->
    <!-- Model/Modules Tests - Phase 16: Utils -->
    <!-- Integration Tests - Phase 17 -->
    <!-- Model/Task Tests - BaseModel -->
    <ClCompile Include="Unit\Model\Task\BaseModelTest.cpp">
      <Filter>Source Files\Unit\Model\Task</Filter>
    </ClCompile>
    <!-- Model/Task Tests - ClassificationModel -->
    <ClCompile Include="Unit\Model\Task\ClassificationModelTest.cpp">
      <Filter>Source Files\Unit\Model\Task</Filter>
    </ClCompile>
    <!-- Model/Task Tests - SegmentationModel -->
    <ClCompile Include="Unit\Model\Task\SegmentationModelTest.cpp">
      <Filter>Source Files\Unit\Model\Task</Filter>
    </ClCompile>
    <!-- Model/Task Tests - DetectionModel -->
    <ClCompile Include="Unit\Model\Task\DetectionModelTest.cpp">
      <Filter>Source Files\Unit\Model\Task</Filter>
    </ClCompile>
    <!-- Model/Task Tests - OBBModel -->
    <ClCompile Include="Unit\Model\Task\OBBModelTest.cpp">
      <Filter>Source Files\Unit\Model\Task</Filter>
    </ClCompile>
    <!-- Model/Task Tests - AnomalyModel -->
    <ClCompile Include="Unit\Model\Task\AnomalyModelTest.cpp">
      <Filter>Source Files\Unit\Model\Task</Filter>
    </ClCompile>
    <ClCompile Include="Unit\Model\Task\TaskExceptionTest.cpp">
      <Filter>Source Files\Unit\Model\Task</Filter>
    </ClCompile>
    <ClCompile Include="Unit\Model\Task\TaskIntegrationTest.cpp">
      <Filter>Source Files\Unit\Model\Task</Filter>
    </ClCompile>
  </ItemGroup>
  <!-- Resource Files -->
  <ItemGroup>
    <None Include="packages.config">
      <Filter>Resource Files</Filter>
    </None>
  </ItemGroup>
</Project>